
Microsoft Visual Studio Solution File, Format Version 12.00
# Visual Studio Version 16
VisualStudioVersion = 16.0.30104.148
MinimumVisualStudioVersion = 10.0.40219.1
Project("{FAE04EC0-301F-11D3-BF4B-00C04F79EFBC}") = "marathon", "marathon\marathon.csproj", "{8DF7CA10-6181-41E8-AC82-F92867F596A4}"
EndProject
Global
	GlobalSection(SolutionConfigurationPlatforms) = preSolution
		Debug|Any CPU = Debug|Any CPU
		Release|Any CPU = Release|Any CPU
	EndGlobalSection
	GlobalSection(ProjectConfigurationPlatforms) = postSolution
		{8DF7CA10-6181-41E8-AC82-F92867F596A4}.Debug|Any CPU.ActiveCfg = Debug|Any CPU
		{8DF7CA10-6181-41E8-AC82-F92867F596A4}.Debug|Any CPU.Build.0 = Debug|Any CPU
		{8DF7CA10-6181-41E8-AC82-F92867F596A4}.Release|Any CPU.ActiveCfg = Release|Any CPU
		{8DF7CA10-6181-41E8-AC82-F92867F596A4}.Release|Any CPU.Build.0 = Release|Any CPU
	EndGlobalSection
	GlobalSection(SolutionProperties) = preSolution
		HideSolutionNode = FALSE
	EndGlobalSection
	GlobalSection(ExtensibilityGlobals) = postSolution
		SolutionGuid = {DF756522-6517-41FF-B1E9-E35CA825D17E}
	EndGlobalSection
EndGlobal
